
Microsoft Visual Studio Solution File, Format Version 12.00
Project("{FAE04EC0-301F-11D3-BF4B-00C04F79EFBC}") = "FalconSite", "FalconSite\FalconSite.csproj", "{DD79D530-8B6C-4EE5-B208-86B96D87B331}"
EndProject
Global
	GlobalSection(SolutionConfigurationPlatforms) = preSolution
		Debug|Any CPU = Debug|Any CPU
		Release|Any CPU = Release|Any CPU
	EndGlobalSection
	GlobalSection(ProjectConfigurationPlatforms) = postSolution
		{DD79D530-8B6C-4EE5-B208-86B96D87B331}.Debug|Any CPU.ActiveCfg = Debug|Any CPU
		{DD79D530-8B6C-4EE5-B208-86B96D87B331}.Debug|Any CPU.Build.0 = Debug|Any CPU
		{DD79D530-8B6C-4EE5-B208-86B96D87B331}.Release|Any CPU.ActiveCfg = Release|Any CPU
		{DD79D530-8B6C-4EE5-B208-86B96D87B331}.Release|Any CPU.Build.0 = Release|Any CPU
	EndGlobalSection
EndGlobal
